
Microsoft Visual Studio Solution File, Format Version 12.00
Project("{FAE04EC0-301F-11D3-BF4B-00C04F79EFBC}") = "OAuthClient", "OAuthClient\OAuthClient.csproj", "{A4195AA1-0088-47A0-86D0-9CAB84A78F30}"
EndProject
Project("{2150E333-8FDC-42A3-9474-1A3956D46DE8}") = "Solution Items", "Solution Items", "{522356BB-D44F-401E-B950-A8605F256C80}"
	ProjectSection(SolutionItems) = preProject
		compose.yaml = compose.yaml
	EndProjectSection
EndProject
Global
	GlobalSection(SolutionConfigurationPlatforms) = preSolution
		Debug|Any CPU = Debug|Any CPU
		Release|Any CPU = Release|Any CPU
	EndGlobalSection
	GlobalSection(ProjectConfigurationPlatforms) = postSolution
		{A4195AA1-0088-47A0-86D0-9CAB84A78F30}.Debug|Any CPU.ActiveCfg = Debug|Any CPU
		{A4195AA1-0088-47A0-86D0-9CAB84A78F30}.Debug|Any CPU.Build.0 = Debug|Any CPU
		{A4195AA1-0088-47A0-86D0-9CAB84A78F30}.Release|Any CPU.ActiveCfg = Release|Any CPU
		{A4195AA1-0088-47A0-86D0-9CAB84A78F30}.Release|Any CPU.Build.0 = Release|Any CPU
	EndGlobalSection
EndGlobal
